[[tools.github-cli]]
version = "2.86.0"
backend = "aqua:cli/cli"
"platforms.linux-arm64" = { checksum = "sha256:83cf7a7962ea9dfcc2c123666695792916a87af32cba5f1f6e585db08fa57547", url = "https://github.com/cli/cli/releases/download/v2.86.0/gh_2.86.0_linux_arm64.tar.gz"}
"platforms.linux-x64" = { checksum = "sha256:f3b08bd6a28420cc2229b0a1a687fa25f2b838d3f04b297414c1041ca68103c7", url = "https://github.com/cli/cli/releases/download/v2.86.0/gh_2.86.0_linux_amd64.tar.gz"}
"platforms.macos-arm64" = { checksum = "sha256:bde753978a352c5ae6c4abec47334d516e82807af20c9dbbd45507a5a0aedaaa", url = "https://github.com/cli/cli/releases/download/v2.86.0/gh_2.86.0_macOS_arm64.zip"}
"platforms.macos-x64" = { checksum = "sha256:ced7094d05702eb54a63542abd8a1dc570b7e5ae94951844eb1626ba74bc2c60", url = "https://github.com/cli/cli/releases/download/v2.86.0/gh_2.86.0_macOS_amd64.zip"}
"platforms.windows-x64" = { checksum = "sha256:983c74a8c594366b198485187cd6d4d07638f0bf9a9948d51a2a81a5164d8bfd", url = "https://github.com/cli/cli/releases/download/v2.86.0/gh_2.86.0_windows_amd64.zip"}

[[tools.hadolint]]
version = "2.14.0"
backend = "aqua:hadolint/hadolint"
"platforms.linux-arm64" = { checksum = "sha256:331f1d3511b84a4f1e3d18d52fec284723e4019552f4f47b19322a53ce9a40ed", url = "https://github.com/hadolint/hadolint/releases/download/v2.14.0/hadolint-linux-arm64"}
"platforms.linux-x64" = { checksum = "sha256:6bf226944684f56c84dd014e8b979d27425c0148f61b3bd99bcc6f39e9dc5a47", url = "https://github.com/hadolint/hadolint/releases/download/v2.14.0/hadolint-linux-x86_64"}
"platforms.macos-arm64" = { checksum = "sha256:3625e2e9f43dcfe7bd38738a5f5520ed50ce39ed28485266e6803dd7bc197b10", url = "https://github.com/hadolint/hadolint/releases/download/v2.14.0/hadolint-macos-arm64"}
"platforms.macos-x64" = { checksum = "sha256:2b69a853433f1eca522ffb921cd490bd1321424d03331fd8390f93b7fb4a02e9", url = "https://github.com/hadolint/hadolint/releases/download/v2.14.0/hadolint-macos-x86_64"}
"platforms.windows-x64" = { checksum = "sha256:8e0ee174f88edb14f207a68430c7a53c2883ed509cdbde9a3a26fffa140fa5e4", url = "https://github.com/hadolint/hadolint/releases/download/v2.14.0/hadolint-windows-x86_64.exe"}

[[tools.hk]]
version = "1.36.0"
backend = "aqua:jdx/hk"
"platforms.linux-arm64" = { checksum = "sha256:51cf51e2035038ee64d772e71f8daf4978380ef82faffee2b12c413f009341ab", url = "https://github.com/jdx/hk/releases/download/v1.36.0/hk-aarch64-unknown-linux-gnu.tar.gz"}
"platforms.linux-x64" = { checksum = "sha256:d20fa0be3f1135abc74471670306ae0353ad2336804595362293f0c8460952e7", url = "https://github.com/jdx/hk/releases/download/v1.36.0/hk-x86_64-unknown-linux-gnu.tar.gz"}
"platforms.macos-arm64" = { checksum = "sha256:553ff3c7c18d91f1c1dcdbae44315db0324b52336b5a02ed5b9c382f08499b3b", url = "https://github.com/jdx/hk/releases/download/v1.36.0/hk-aarch64-apple-darwin.tar.gz"}
"platforms.windows-x64" = { checksum = "sha256:1f12218ccad806a3f49bcf521f86b6825fbd89486e830c1c04f72e3796f84589", url = "https://github.com/jdx/hk/releases/download/v1.36.0/hk-x86_64-pc-windows-msvc.zip"}

[[tools."npm:@biomejs/biome"]]
version = "2.4.4"
backend = "npm:@biomejs/biome"

[[tools."npm:@quobix/vacuum"]]
version = "0.23.8"
backend = "npm:@quobix/vacuum"

[[tools.pinact]]
version = "3.9.0"
backend = "aqua:suzuki-shunsuke/pinact"
"platforms.linux-arm64" = { checksum = "sha256:34a957423002662c6289782b571660beda6a37449a76d763c8ad8b1b9a500a54", url = "https://github.com/suzuki-shunsuke/pinact/releases/download/v3.9.0/pinact_linux_arm64.tar.gz"}
"platforms.linux-x64" = { checksum = "sha256:3829da718de38b1e914b974c3e77045a256999af84789437a7305b09130d8a6a", url = "https://github.com/suzuki-shunsuke/pinact/releases/download/v3.9.0/pinact_linux_amd64.tar.gz"}
"platforms.macos-arm64" = { checksum = "sha256:23c8a4eda8fd7949c8cbb1cfe6f3d01279402fe6201e9cb0a90447a5ecfdef89", url = "https://github.com/suzuki-shunsuke/pinact/releases/download/v3.9.0/pinact_darwin_arm64.tar.gz"}
"platforms.macos-x64" = { checksum = "sha256:70f68407a05fa88843fbf9b400d979e6205489ef8af251dacc21841a07989df4", url = "https://github.com/suzuki-shunsuke/pinact/releases/download/v3.9.0/pinact_darwin_amd64.tar.gz"}
"platforms.windows-x64" = { checksum = "sha256:b923a567f88417d79ce183e59c2a2372d9cae9b697a472ce1f95d745932746b1", url = "https://github.com/suzuki-shunsuke/pinact/releases/download/v3.9.0/pinact_windows_amd64.zip"}

[[tools.pkl]]
version = "0.31.0"
backend = "aqua:apple/pkl"
"platforms.linux-arm64" = { checksum = "sha256:471460cdd11e1cb9ac0a5401fdb05277ae3adb3a4573cc0a9c63ee087c1f93c8", url = "https://github.com/apple/pkl/releases/download/0.31.0/pkl-linux-aarch64"}
"platforms.linux-x64" = { checksum = "sha256:5a5c2a889b68ca92ff4258f9d277f92412b98dfef5057daef7564202a20870b6", url = "https://github.com/apple/pkl/releases/download/0.31.0/pkl-linux-amd64"}
"platforms.macos-arm64" = { checksum = "sha256:349402ae32c35382c034b0c0af744ffb0d53a213888c44deec94a7810e144889", url = "https://github.com/apple/pkl/releases/download/0.31.0/pkl-macos-aarch64"}
"platforms.macos-x64" = { checksum = "sha256:9f1cc8e3ac2327bc483b90d0c220da20eb785c3ba3fe92e021f47d3d56768282", url = "https://github.com/apple/pkl/releases/download/0.31.0/pkl-macos-amd64"}
"platforms.windows-x64" = { checksum = "sha256:37d35ce8a165766502fb13799071d4cefa84d39fb455c75c471b47b9b5d12b04", url = "https://github.com/apple/pkl/releases/download/0.31.0/pkl-windows-amd64.exe"}

[[tools.python]]
version = "3.12.12"
backend = "core:python"
"platforms.linux-arm64" = { checksum = "sha256:85fdc64fe672de7337198a63d89918037bf93bdb03480404d90f8f601abef1dd", url = "https://github.com/astral-sh/python-build-standalone/releases/download/20260211/cpython-3.12.12+20260211-aarch64-unknown-linux-gnu-install_only_stripped.tar.gz"}
"platforms.linux-x64" = { checksum = "sha256:1dbaa624a09e15afe7efbdac08d42993135a68db8d34f986ef6977a6d77bdc3c", url = "https://github.com/astral-sh/python-build-standalone/releases/download/20260211/cpython-3.12.12+20260211-x86_64-unknown-linux-gnu-install_only_stripped.tar.gz"}
"platforms.macos-arm64" = { checksum = "sha256:22625deaf5757e7c266cf1a096c9151a06b598b1e14632a2ec9993d58ec5fe84", url = "https://github.com/astral-sh/python-build-standalone/releases/download/20260211/cpython-3.12.12+20260211-aarch64-apple-darwin-install_only_stripped.tar.gz"}
"platforms.macos-x64" = { checksum = "sha256:a84ac7a36d465bc6eb68db84540fdb5da04333900e2c3cb34b5d454f2022048c", url = "https://github.com/astral-sh/python-build-standalone/releases/download/20260211/cpython-3.12.12+20260211-x86_64-apple-darwin-install_only_stripped.tar.gz"}
"platforms.windows-x64" = { checksum = "sha256:93bf8e8c05ede0077b197a29c99ebdaf253497f27190097494265150b4e70ba8", url = "https://github.com/astral-sh/python-build-standalone/releases/download/20260211/cpython-3.12.12+20260211-x86_64-pc-windows-msvc-install_only_stripped.tar.gz"}

[[tools.ruff]]
version = "0.15.4"
backend = "aqua:astral-sh/ruff"
"platforms.linux-arm64" = { checksum = "sha256:f34909dacbebaf3773ececc0d321e0fa0599729e9b4570f1dbcec91b4c435913", url = "https://github.com/astral-sh/ruff/releases/download/0.15.4/ruff-aarch64-unknown-linux-musl.tar.gz"}
"platforms.linux-x64" = { checksum = "sha256:e39111195ef761569773562209bbb7f943c834c961f2c1ed28e2126a15c4cd35", url = "https://github.com/astral-sh/ruff/releases/download/0.15.4/ruff-x86_64-unknown-linux-musl.tar.gz"}
"platforms.macos-arm64" = { checksum = "sha256:2d63cc9fd12c9cc3b524563bbeb50470cf3f68f3194002228a417a53a2a56164", url = "https://github.com/astral-sh/ruff/releases/download/0.15.4/ruff-aarch64-apple-darwin.tar.gz"}
"platforms.macos-x64" = { checksum = "sha256:f40e16784c867b60850fbe96a2cccd123589c90d6db71ad8ade62efdeabccc84", url = "https://github.com/astral-sh/ruff/releases/download/0.15.4/ruff-x86_64-apple-darwin.tar.gz"}
"platforms.windows-x64" = { checksum = "sha256:ca4db783ce3a1b942e67aa4002ca9f3c6ff1b150a85cb4ca1345c4299ad12a0f", url = "https://github.com/astral-sh/ruff/releases/download/0.15.4/ruff-x86_64-pc-windows-msvc.zip"}

[[tools.taplo]]
version = "0.10.0"
backend = "aqua:tamasfe/taplo"
"platforms.linux-arm64" = { url = "https://github.com/tamasfe/taplo/releases/download/0.10.0/taplo-linux-aarch64.gz"}
"platforms.linux-x64" = { url = "https://github.com/tamasfe/taplo/releases/download/0.10.0/taplo-linux-x86_64.gz"}
"platforms.macos-arm64" = { url = "https://github.com/tamasfe/taplo/releases/download/0.10.0/taplo-darwin-aarch64.gz"}
"platforms.macos-x64" = { url = "https://github.com/tamasfe/taplo/releases/download/0.10.0/taplo-darwin-x86_64.gz"}
"platforms.windows-x64" = { url = "https://github.com/tamasfe/taplo/releases/download/0.10.0/taplo-windows-x86_64.zip"}

[[tools.uv]]
version = "0.10.7"
backend = "aqua:astral-sh/uv"
"platforms.linux-arm64" = { checksum = "sha256:115291f9943531a3b63db3a2eabda8b74b8da4831551679382cb309c9debd9f7", url = "https://github.com/astral-sh/uv/releases/download/0.10.7/uv-aarch64-unknown-linux-musl.tar.gz"}
"platforms.linux-x64" = { checksum = "sha256:992529add6024e67135b1c80617abd2eca7be2cf0b99b3911f923de815bd8dc1", url = "https://github.com/astral-sh/uv/releases/download/0.10.7/uv-x86_64-unknown-linux-musl.tar.gz"}
"platforms.macos-arm64" = { checksum = "sha256:1eb4dcc5e0fc8669fa0b33cf1151b64ba3b8c26b60dceff4f7a686129e2af22b", url = "https://github.com/astral-sh/uv/releases/download/0.10.7/uv-aarch64-apple-darwin.tar.gz"}
"platforms.macos-x64" = { checksum = "sha256:4fed9d4f4608fb3850db714ee37244436f850a2b6e485bc510795679c2d08866", url = "https://github.com/astral-sh/uv/releases/download/0.10.7/uv-x86_64-apple-darwin.tar.gz"}
"platforms.windows-x64" = { checksum = "sha256:8881afb877996a1373a12e816395122a8d39a3ac06cd066272acdb49510cf0fe", url = "https://github.com/astral-sh/uv/releases/download/0.10.7/uv-x86_64-pc-windows-msvc.zip"}

[[tools.watchexec]]
version = "2.5.0"
backend = "aqua:watchexec/watchexec"
"platforms.linux-arm64" = { checksum = "sha256:5b01f78483eb506c111a035ec3187b7ef37de3158702c50c4f85390e97d02487", url = "https://github.com/watchexec/watchexec/releases/download/v2.5.0/watchexec-2.5.0-aarch64-unknown-linux-gnu.tar.xz"}
"platforms.linux-x64" = { checksum = "sha256:e8015bffea46d9de5cc7ff061afa2d27593e1a1914b406343ef47bb65f5f0634", url = "https://github.com/watchexec/watchexec/releases/download/v2.5.0/watchexec-2.5.0-x86_64-unknown-linux-musl.tar.xz"}
"platforms.macos-arm64" = { checksum = "sha256:dd77ea998468c128b70c9c8a0e6a59221c9a674151a8d683b1e30055d0eeb1d2", url = "https://github.com/watchexec/watchexec/releases/download/v2.5.0/watchexec-2.5.0-aarch64-apple-darwin.tar.xz"}
"platforms.macos-x64" = { checksum = "sha256:a494a488f51359d6bd873ee6df6dcc190c4ce1f693a8688064fbf3a26ffe3579", url = "https://github.com/watchexec/watchexec/releases/download/v2.5.0/watchexec-2.5.0-x86_64-apple-darwin.tar.xz"}
"platforms.windows-x64" = { checksum = "sha256:ecfc8457d30f0ebe5fdc6f67fed87e9114eee551310ebb66449629a5994f843c", url = "https://github.com/watchexec/watchexec/releases/download/v2.5.0/watchexec-2.5.0-x86_64-pc-windows-msvc.zip"}

[[tools.yamlfmt]]
version = "0.21.0"
backend = "aqua:google/yamlfmt"
"platforms.linux-arm64" = { checksum = "sha256:5b2689c963b177271330c5ce8ca7396751107e5a826be46f03d2cb9b6f0c7784", url = "https://github.com/google/yamlfmt/releases/download/v0.21.0/yamlfmt_0.21.0_Linux_arm64.tar.gz"}
"platforms.linux-x64" = { checksum = "sha256:1f300d9257b232bb3b541d7fb1b0e6b3c121bcbab381c86cd38cb8722be8a566", url = "https://github.com/google/yamlfmt/releases/download/v0.21.0/yamlfmt_0.21.0_Linux_x86_64.tar.gz"}
"platforms.macos-arm64" = { checksum = "sha256:4b417ecb94339d57e4c122ecc948c1a00fe328b5853266de9806e652a92858fa", url = "https://github.com/google/yamlfmt/releases/download/v0.21.0/yamlfmt_0.21.0_Darwin_arm64.tar.gz"}
"platforms.macos-x64" = { checksum = "sha256:060e943bcb8583c456810eb1ff4721b4f46c4a0c1a4432449d5dc3bbfe29a22b", url = "https://github.com/google/yamlfmt/releases/download/v0.21.0/yamlfmt_0.21.0_Darwin_x86_64.tar.gz"}
"platforms.windows-x64" = { checksum = "sha256:07f80ce5d741eb4b0a9380ac78a19c7cb5bd44e2a9a47a5a04839e3ba54dd463", url = "https://github.com/google/yamlfmt/releases/download/v0.21.0/yamlfmt_0.21.0_Windows_x86_64.tar.gz"}

[[tools.zizmor]]
version = "1.22.0"
backend = "aqua:zizmorcore/zizmor"
"platforms.linux-arm64" = { checksum = "sha256:afa6ea4ad183582adaf1610399ed9e697322a2374d377ccdb149216840f5171d", url = "https://github.com/zizmorcore/zizmor/releases/download/v1.22.0/zizmor-aarch64-unknown-linux-gnu.tar.gz"}
"platforms.linux-x64" = { checksum = "sha256:f7633bbf155cddebd3fdfdcbfaa777a4e89e4da1bc719b08dfa9ae50e5daae46", url = "https://github.com/zizmorcore/zizmor/releases/download/v1.22.0/zizmor-x86_64-unknown-linux-gnu.tar.gz"}
"platforms.macos-arm64" = { checksum = "sha256:24bee9d58ac48639a3b10ca3cf5f797d52937ab2d7d2daf73c62bbfc0651a6ed", url = "https://github.com/zizmorcore/zizmor/releases/download/v1.22.0/zizmor-aarch64-apple-darwin.tar.gz"}
"platforms.macos-x64" = { checksum = "sha256:952175c0cfcd8d9ab3bbc86a4258813b97962bbd2585c95f04485f7e1a8ca044", url = "https://github.com/zizmorcore/zizmor/releases/download/v1.22.0/zizmor-x86_64-apple-darwin.tar.gz"}
"platforms.windows-x64" = { checksum = "sha256:354ad2461d69d255fc7bfb8b359d4486440df9ae15af1efb8f497b9f56f87e74", url = "https://github.com/zizmorcore/zizmor/releases/download/v1.22.0/zizmor-x86_64-pc-windows-msvc.zip"}
